// !$*UTF8*$!
{
	archiveVersion = 1;
	classes = {
	};
	objectVersion = 56;
	objects = {

/* Begin PBXBuildFile section */
		927432DE2C565313002330BB /* UIViewExtension.swift in Sources */ = {isa = PBXBuildFile; fileRef = 927432DD2C565313002330BB /* UIViewExtension.swift */; };
		927432E82C566B7B002330BB /* IngredientsListTableViewCell.swift in Sources */ = {isa = PBXBuildFile; fileRef = 927432E62C566B7B002330BB /* IngredientsListTableViewCell.swift */; };
		927432E92C566B7B002330BB /* IngredientsListTableViewCell.xib in Resources */ = {isa = PBXBuildFile; fileRef = 927432E72C566B7B002330BB /* IngredientsListTableViewCell.xib */; };
		927432EC2C566EA6002330BB /* RecipeDetailsVC.swift in Sources */ = {isa = PBXBuildFile; fileRef = 927432EB2C566EA6002330BB /* RecipeDetailsVC.swift */; };
		927432EE2C5671D6002330BB /* UIViewControllerExtension.swift in Sources */ = {isa = PBXBuildFile; fileRef = 927432ED2C5671D6002330BB /* UIViewControllerExtension.swift */; };
		92C362062C56A3F4000159B1 /* SDWebImage in Frameworks */ = {isa = PBXBuildFile; productRef = 92C362052C56A3F4000159B1 /* SDWebImage */; };
		92C362082C56A3F4000159B1 /* SDWebImageMapKit in Frameworks */ = {isa = PBXBuildFile; productRef = 92C362072C56A3F4000159B1 /* SDWebImageMapKit */; };
		92ED58722C56116A001E3A9A /* AppDelegate.swift in Sources */ = {isa = PBXBuildFile; fileRef = 92ED58712C56116A001E3A9A /* AppDelegate.swift */; };
		92ED58742C56116A001E3A9A /* SceneDelegate.swift in Sources */ = {isa = PBXBuildFile; fileRef = 92ED58732C56116A001E3A9A /* SceneDelegate.swift */; };
		92ED58762C56116A001E3A9A /* ViewController.swift in Sources */ = {isa = PBXBuildFile; fileRef = 92ED58752C56116A001E3A9A /* ViewController.swift */; };
		92ED58792C56116B001E3A9A /* Main.storyboard in Resources */ = {isa = PBXBuildFile; fileRef = 92ED58772C56116B001E3A9A /* Main.storyboard */; };
		92ED587B2C56116D001E3A9A /* Assets.xcassets in Resources */ = {isa = PBXBuildFile; fileRef = 92ED587A2C56116D001E3A9A /* Assets.xcassets */; };
		92ED587E2C56116D001E3A9A /* LaunchScreen.storyboard in Resources */ = {isa = PBXBuildFile; fileRef = 92ED587C2C56116D001E3A9A /* LaunchScreen.storyboard */; };
		92ED58892C56116D001E3A9A /* RecipesAppTests.swift in Sources */ = {isa = PBXBuildFile; fileRef = 92ED58882C56116D001E3A9A /* RecipesAppTests.swift */; };
		92ED58932C56116D001E3A9A /* RecipesAppUITests.swift in Sources */ = {isa = PBXBuildFile; fileRef = 92ED58922C56116D001E3A9A /* RecipesAppUITests.swift */; };
		92ED58952C56116D001E3A9A /* RecipesAppUITestsLaunchTests.swift in Sources */ = {isa = PBXBuildFile; fileRef = 92ED58942C56116D001E3A9A /* RecipesAppUITestsLaunchTests.swift */; };
		92ED58A22C56123D001E3A9A /* PopularRecipesVC.swift in Sources */ = {isa = PBXBuildFile; fileRef = 92ED58A12C56123D001E3A9A /* PopularRecipesVC.swift */; };
		92ED58A92C561908001E3A9A /* PopularRecipeTableViewCell.swift in Sources */ = {isa = PBXBuildFile; fileRef = 92ED58A72C561908001E3A9A /* PopularRecipeTableViewCell.swift */; };
		92ED58AA2C561908001E3A9A /* PopularRecipeTableViewCell.xib in Resources */ = {isa = PBXBuildFile; fileRef = 92ED58A82C561908001E3A9A /* PopularRecipeTableViewCell.xib */; };
		92ED58AD2C561D30001E3A9A /* IngredientsCollectionViewCell.swift in Sources */ = {isa = PBXBuildFile; fileRef = 92ED58AB2C561D30001E3A9A /* IngredientsCollectionViewCell.swift */; };
		92ED58AE2C561D30001E3A9A /* IngredientsCollectionViewCell.xib in Resources */ = {isa = PBXBuildFile; fileRef = 92ED58AC2C561D30001E3A9A /* IngredientsCollectionViewCell.xib */; };
		92ED58B12C562863001E3A9A /* Recipe.swift in Sources */ = {isa = PBXBuildFile; fileRef = 92ED58B02C562863001E3A9A /* Recipe.swift */; };
		92ED58B42C56297F001E3A9A /* UIImage+Extension.swift in Sources */ = {isa = PBXBuildFile; fileRef = 92ED58B32C56297F001E3A9A /* UIImage+Extension.swift */; };
		92ED58B72C5629E6001E3A9A /* APIManager.swift in Sources */ = {isa = PBXBuildFile; fileRef = 92ED58B62C5629E6001E3A9A /* APIManager.swift */; };
		92ED58BA2C563395001E3A9A /* APIConstant.swift in Sources */ = {isa = PBXBuildFile; fileRef = 92ED58B92C563395001E3A9A /* APIConstant.swift */; };
/* End PBXBuildFile section */

/* Begin PBXContainerItemProxy section */
		92ED58852C56116D001E3A9A /* PBXContainerItemProxy */ = {
			isa = PBXContainerItemProxy;
			containerPortal = 92ED58662C56116A001E3A9A /* Project object */;
			proxyType = 1;
			remoteGlobalIDString = 92ED586D2C56116A001E3A9A;
			remoteInfo = RecipesApp;
		};
		92ED588F2C56116D001E3A9A /* PBXContainerItemProxy */ = {
			isa = PBXContainerItemProxy;
			containerPortal = 92ED58662C56116A001E3A9A /* Project object */;
			proxyType = 1;
			remoteGlobalIDString = 92ED586D2C56116A001E3A9A;
			remoteInfo = RecipesApp;
		};
/* End PBXContainerItemProxy section */

/* Begin PBXFileReference section */
		927432DD2C565313002330BB /* UIViewExtension.swift */ = {isa = PBXFileReference; lastKnownFileType = sourcecode.swift; path = UIViewExtension.swift; sourceTree = "<group>"; };
		927432E62C566B7B002330BB /* IngredientsListTableViewCell.swift */ = {isa = PBXFileReference; lastKnownFileType = sourcecode.swift; path = IngredientsListTableViewCell.swift; sourceTree = "<group>"; };
		927432E72C566B7B002330BB /* IngredientsListTableViewCell.xib */ = {isa = PBXFileReference; lastKnownFileType = file.xib; path = IngredientsListTableViewCell.xib; sourceTree = "<group>"; };
		927432EB2C566EA6002330BB /* RecipeDetailsVC.swift */ = {isa = PBXFileReference; lastKnownFileType = sourcecode.swift; path = RecipeDetailsVC.swift; sourceTree = "<group>"; };
		927432ED2C5671D6002330BB /* UIViewControllerExtension.swift */ = {isa = PBXFileReference; lastKnownFileType = sourcecode.swift; path = UIViewControllerExtension.swift; sourceTree = "<group>"; };
		92ED586E2C56116A001E3A9A /* RecipesApp.app */ = {isa = PBXFileReference; explicitFileType = wrapper.application; includeInIndex = 0; path = RecipesApp.app; sourceTree = BUILT_PRODUCTS_DIR; };
		92ED58712C56116A001E3A9A /* AppDelegate.swift */ = {isa = PBXFileReference; lastKnownFileType = sourcecode.swift; path = AppDelegate.swift; sourceTree = "<group>"; };
		92ED58732C56116A001E3A9A /* SceneDelegate.swift */ = {isa = PBXFileReference; lastKnownFileType = sourcecode.swift; path = SceneDelegate.swift; sourceTree = "<group>"; };
		92ED58752C56116A001E3A9A /* ViewController.swift */ = {isa = PBXFileReference; lastKnownFileType = sourcecode.swift; path = ViewController.swift; sourceTree = "<group>"; };
		92ED58782C56116B001E3A9A /* Base */ = {isa = PBXFileReference; lastKnownFileType = file.storyboard; name = Base; path = Base.lproj/Main.storyboard; sourceTree = "<group>"; };
		92ED587A2C56116D001E3A9A /* Assets.xcassets */ = {isa = PBXFileReference; lastKnownFileType = folder.assetcatalog; path = Assets.xcassets; sourceTree = "<group>"; };
		92ED587D2C56116D001E3A9A /* Base */ = {isa = PBXFileReference; lastKnownFileType = file.storyboard; name = Base; path = Base.lproj/LaunchScreen.storyboard; sourceTree = "<group>"; };
		92ED587F2C56116D001E3A9A /* Info.plist */ = {isa = PBXFileReference; lastKnownFileType = text.plist.xml; path = Info.plist; sourceTree = "<group>"; };
		92ED58842C56116D001E3A9A /* RecipesAppTests.xctest */ = {isa = PBXFileReference; explicitFileType = wrapper.cfbundle; includeInIndex = 0; path = RecipesAppTests.xctest; sourceTree = BUILT_PRODUCTS_DIR; };
		92ED58882C56116D001E3A9A /* RecipesAppTests.swift */ = {isa = PBXFileReference; lastKnownFileType = sourcecode.swift; path = RecipesAppTests.swift; sourceTree = "<group>"; };
		92ED588E2C56116D001E3A9A /* RecipesAppUITests.xctest */ = {isa = PBXFileReference; explicitFileType = wrapper.cfbundle; includeInIndex = 0; path = RecipesAppUITests.xctest; sourceTree = BUILT_PRODUCTS_DIR; };
		92ED58922C56116D001E3A9A /* RecipesAppUITests.swift */ = {isa = PBXFileReference; lastKnownFileType = sourcecode.swift; path = RecipesAppUITests.swift; sourceTree = "<group>"; };
		92ED58942C56116D001E3A9A /* RecipesAppUITestsLaunchTests.swift */ = {isa = PBXFileReference; lastKnownFileType = sourcecode.swift; path = RecipesAppUITestsLaunchTests.swift; sourceTree = "<group>"; };
		92ED58A12C56123D001E3A9A /* PopularRecipesVC.swift */ = {isa = PBXFileReference; lastKnownFileType = sourcecode.swift; path = PopularRecipesVC.swift; sourceTree = "<group>"; };
		92ED58A72C561908001E3A9A /* PopularRecipeTableViewCell.swift */ = {isa = PBXFileReference; lastKnownFileType = sourcecode.swift; path = PopularRecipeTableViewCell.swift; sourceTree = "<group>"; };
		92ED58A82C561908001E3A9A /* PopularRecipeTableViewCell.xib */ = {isa = PBXFileReference; lastKnownFileType = file.xib; path = PopularRecipeTableViewCell.xib; sourceTree = "<group>"; };
		92ED58AB2C561D30001E3A9A /* IngredientsCollectionViewCell.swift */ = {isa = PBXFileReference; lastKnownFileType = sourcecode.swift; path = IngredientsCollectionViewCell.swift; sourceTree = "<group>"; };
		92ED58AC2C561D30001E3A9A /* IngredientsCollectionViewCell.xib */ = {isa = PBXFileReference; lastKnownFileType = file.xib; path = IngredientsCollectionViewCell.xib; sourceTree = "<group>"; };
		92ED58B02C562863001E3A9A /* Recipe.swift */ = {isa = PBXFileReference; lastKnownFileType = sourcecode.swift; path = Recipe.swift; sourceTree = "<group>"; };
		92ED58B32C56297F001E3A9A /* UIImage+Extension.swift */ = {isa = PBXFileReference; fileEncoding = 4; lastKnownFileType = sourcecode.swift; path = "UIImage+Extension.swift"; sourceTree = "<group>"; };
		92ED58B62C5629E6001E3A9A /* APIManager.swift */ = {isa = PBXFileReference; fileEncoding = 4; lastKnownFileType = sourcecode.swift; path = APIManager.swift; sourceTree = "<group>"; };
		92ED58B92C563395001E3A9A /* APIConstant.swift */ = {isa = PBXFileReference; lastKnownFileType = sourcecode.swift; path = APIConstant.swift; sourceTree = "<group>"; };
/* End PBXFileReference section */

/* Begin PBXFrameworksBuildPhase section */
		92ED586B2C56116A001E3A9A /* Frameworks */ = {
			isa = PBXFrameworksBuildPhase;
			buildActionMask = 2147483647;
			files = (
				92C362082C56A3F4000159B1 /* SDWebImageMapKit in Frameworks */,
				92C362062C56A3F4000159B1 /* SDWebImage in Frameworks */,
			);
			runOnlyForDeploymentPostprocessing = 0;
		};
		92ED58812C56116D001E3A9A /* Frameworks */ = {
			isa = PBXFrameworksBuildPhase;
			buildActionMask = 2147483647;
			files = (
			);
			runOnlyForDeploymentPostprocessing = 0;
		};
		92ED588B2C56116D001E3A9A /* Frameworks */ = {
			isa = PBXFrameworksBuildPhase;
			buildActionMask = 2147483647;
			files = (
			);
			runOnlyForDeploymentPostprocessing = 0;
		};
/* End PBXFrameworksBuildPhase section */

/* Begin PBXGroup section */
		927432DC2C5652FB002330BB /* Extension */ = {
			isa = PBXGroup;
			children = (
				927432DD2C565313002330BB /* UIViewExtension.swift */,
				927432ED2C5671D6002330BB /* UIViewControllerExtension.swift */,
			);
			path = Extension;
			sourceTree = "<group>";
		};
		927432DF2C565477002330BB /* Application */ = {
			isa = PBXGroup;
			children = (
				92ED58712C56116A001E3A9A /* AppDelegate.swift */,
				92ED58732C56116A001E3A9A /* SceneDelegate.swift */,
			);
			path = Application;
			sourceTree = "<group>";
		};
		927432E02C56548E002330BB /* ViewController */ = {
			isa = PBXGroup;
			children = (
				92ED58A12C56123D001E3A9A /* PopularRecipesVC.swift */,
				927432EB2C566EA6002330BB /* RecipeDetailsVC.swift */,
			);
			path = ViewController;
			sourceTree = "<group>";
		};
		927432E12C5654A9002330BB /* Storyboard */ = {
			isa = PBXGroup;
			children = (
				92ED58772C56116B001E3A9A /* Main.storyboard */,
			);
			path = Storyboard;
			sourceTree = "<group>";
		};
		927432E22C5654C7002330BB /* Cell */ = {
			isa = PBXGroup;
			children = (
				927432E42C5654D6002330BB /* CollectionCell */,
				927432E32C5654CD002330BB /* TableViewCell */,
			);
			path = Cell;
			sourceTree = "<group>";
		};
		927432E32C5654CD002330BB /* TableViewCell */ = {
			isa = PBXGroup;
			children = (
				927432EA2C566B86002330BB /* IngredientsList */,
				92ED58A72C561908001E3A9A /* PopularRecipeTableViewCell.swift */,
				92ED58A82C561908001E3A9A /* PopularRecipeTableViewCell.xib */,
			);
			path = TableViewCell;
			sourceTree = "<group>";
		};
		927432E42C5654D6002330BB /* CollectionCell */ = {
			isa = PBXGroup;
			children = (
				92ED58AB2C561D30001E3A9A /* IngredientsCollectionViewCell.swift */,
				92ED58AC2C561D30001E3A9A /* IngredientsCollectionViewCell.xib */,
			);
			path = CollectionCell;
			sourceTree = "<group>";
		};
		927432E52C5654FA002330BB /* Resource */ = {
			isa = PBXGroup;
			children = (
				92ED587C2C56116D001E3A9A /* LaunchScreen.storyboard */,
				92ED587A2C56116D001E3A9A /* Assets.xcassets */,
			);
			path = Resource;
			sourceTree = "<group>";
		};
		927432EA2C566B86002330BB /* IngredientsList */ = {
			isa = PBXGroup;
			children = (
				927432E62C566B7B002330BB /* IngredientsListTableViewCell.swift */,
				927432E72C566B7B002330BB /* IngredientsListTableViewCell.xib */,
			);
			path = IngredientsList;
			sourceTree = "<group>";
		};
		92ED58652C56116A001E3A9A = {
			isa = PBXGroup;
			children = (
				92ED58702C56116A001E3A9A /* RecipesApp */,
				92ED58872C56116D001E3A9A /* RecipesAppTests */,
				92ED58912C56116D001E3A9A /* RecipesAppUITests */,
				92ED586F2C56116A001E3A9A /* Products */,
			);
			sourceTree = "<group>";
		};
		92ED586F2C56116A001E3A9A /* Products */ = {
			isa = PBXGroup;
			children = (
				92ED586E2C56116A001E3A9A /* RecipesApp.app */,
				92ED58842C56116D001E3A9A /* RecipesAppTests.xctest */,
				92ED588E2C56116D001E3A9A /* RecipesAppUITests.xctest */,
			);
			name = Products;
			sourceTree = "<group>";
		};
		92ED58702C56116A001E3A9A /* RecipesApp */ = {
			isa = PBXGroup;
			children = (
				927432DF2C565477002330BB /* Application */,
				927432E52C5654FA002330BB /* Resource */,
				927432DC2C5652FB002330BB /* Extension */,
				92ED58B22C56297F001E3A9A /* UIImage+Extension */,
				92ED58B82C563380001E3A9A /* Constant */,
				92ED58B52C5629E6001E3A9A /* APIManager */,
				92ED58AF2C562837001E3A9A /* Model */,
				927432E22C5654C7002330BB /* Cell */,
				927432E12C5654A9002330BB /* Storyboard */,
				927432E02C56548E002330BB /* ViewController */,
				92ED58752C56116A001E3A9A /* ViewController.swift */,
				92ED587F2C56116D001E3A9A /* Info.plist */,
			);
			path = RecipesApp;
			sourceTree = "<group>";
		};
		92ED58872C56116D001E3A9A /* RecipesAppTests */ = {
			isa = PBXGroup;
			children = (
				92ED58882C56116D001E3A9A /* RecipesAppTests.swift */,
			);
			path = RecipesAppTests;
			sourceTree = "<group>";
		};
		92ED58912C56116D001E3A9A /* RecipesAppUITests */ = {
			isa = PBXGroup;
			children = (
				92ED58922C56116D001E3A9A /* RecipesAppUITests.swift */,
				92ED58942C56116D001E3A9A /* RecipesAppUITestsLaunchTests.swift */,
			);
			path = RecipesAppUITests;
			sourceTree = "<group>";
		};
		92ED58AF2C562837001E3A9A /* Model */ = {
			isa = PBXGroup;
			children = (
				92ED58B02C562863001E3A9A /* Recipe.swift */,
			);
			path = Model;
			sourceTree = "<group>";
		};
		92ED58B22C56297F001E3A9A /* UIImage+Extension */ = {
			isa = PBXGroup;
			children = (
				92ED58B32C56297F001E3A9A /* UIImage+Extension.swift */,
			);
			path = "UIImage+Extension";
			sourceTree = "<group>";
		};
		92ED58B52C5629E6001E3A9A /* APIManager */ = {
			isa = PBXGroup;
			children = (
				92ED58B62C5629E6001E3A9A /* APIManager.swift */,
			);
			path = APIManager;
			sourceTree = "<group>";
		};
		92ED58B82C563380001E3A9A /* Constant */ = {
			isa = PBXGroup;
			children = (
				92ED58B92C563395001E3A9A /* APIConstant.swift */,
			);
			path = Constant;
			sourceTree = "<group>";
		};
/* End PBXGroup section */

/* Begin PBXNativeTarget section */
		92ED586D2C56116A001E3A9A /* RecipesApp */ = {
			isa = PBXNativeTarget;
			buildConfigurationList = 92ED58982C56116D001E3A9A /* Build configuration list for PBXNativeTarget "RecipesApp" */;
			buildPhases = (
				92ED586A2C56116A001E3A9A /* Sources */,
				92ED586B2C56116A001E3A9A /* Frameworks */,
				92ED586C2C56116A001E3A9A /* Resources */,
			);
			buildRules = (
			);
			dependencies = (
			);
			name = RecipesApp;
			packageProductDependencies = (
				92C362052C56A3F4000159B1 /* SDWebImage */,
				92C362072C56A3F4000159B1 /* SDWebImageMapKit */,
			);
			productName = RecipesApp;
			productReference = 92ED586E2C56116A001E3A9A /* RecipesApp.app */;
			productType = "com.apple.product-type.application";
		};
		92ED58832C56116D001E3A9A /* RecipesAppTests */ = {
			isa = PBXNativeTarget;
			buildConfigurationList = 92ED589B2C56116D001E3A9A /* Build configuration list for PBXNativeTarget "RecipesAppTests" */;
			buildPhases = (
				92ED58802C56116D001E3A9A /* Sources */,
				92ED58812C56116D001E3A9A /* Frameworks */,
				92ED58822C56116D001E3A9A /* Resources */,
			);
			buildRules = (
			);
			dependencies = (
				92ED58862C56116D001E3A9A /* PBXTargetDependency */,
			);
			name = RecipesAppTests;
			productName = RecipesAppTests;
			productReference = 92ED58842C56116D001E3A9A /* RecipesAppTests.xctest */;
			productType = "com.apple.product-type.bundle.unit-test";
		};
		92ED588D2C56116D001E3A9A /* RecipesAppUITests */ = {
			isa = PBXNativeTarget;
			buildConfigurationList = 92ED589E2C56116D001E3A9A /* Build configuration list for PBXNativeTarget "RecipesAppUITests" */;
			buildPhases = (
				92ED588A2C56116D001E3A9A /* Sources */,
				92ED588B2C56116D001E3A9A /* Frameworks */,
				92ED588C2C56116D001E3A9A /* Resources */,
			);
			buildRules = (
			);
			dependencies = (
				92ED58902C56116D001E3A9A /* PBXTargetDependency */,
			);
			name = RecipesAppUITests;
			productName = RecipesAppUITests;
			productReference = 92ED588E2C56116D001E3A9A /* RecipesAppUITests.xctest */;
			productType = "com.apple.product-type.bundle.ui-testing";
		};
/* End PBXNativeTarget section */

/* Begin PBXProject section */
		92ED58662C56116A001E3A9A /* Project object */ = {
			isa = PBXProject;
			attributes = {
				BuildIndependentTargetsInParallel = 1;
				LastSwiftUpdateCheck = 1520;
				LastUpgradeCheck = 1520;
				TargetAttributes = {
					92ED586D2C56116A001E3A9A = {
						CreatedOnToolsVersion = 15.2;
					};
					92ED58832C56116D001E3A9A = {
						CreatedOnToolsVersion = 15.2;
						TestTargetID = 92ED586D2C56116A001E3A9A;
					};
					92ED588D2C56116D001E3A9A = {
						CreatedOnToolsVersion = 15.2;
						TestTargetID = 92ED586D2C56116A001E3A9A;
					};
				};
			};
			buildConfigurationList = 92ED58692C56116A001E3A9A /* Build configuration list for PBXProject "RecipesApp" */;
			compatibilityVersion = "Xcode 14.0";
			developmentRegion = en;
			hasScannedForEncodings = 0;
			knownRegions = (
				en,
				Base,
			);
			mainGroup = 92ED58652C56116A001E3A9A;
			packageReferences = (
				92C362042C56A3F4000159B1 /* XCRemoteSwiftPackageReference "SDWebImage" */,
			);
			productRefGroup = 92ED586F2C56116A001E3A9A /* Products */;
			projectDirPath = "";
			projectRoot = "";
			targets = (
				92ED586D2C56116A001E3A9A /* RecipesApp */,
				92ED58832C56116D001E3A9A /* RecipesAppTests */,
				92ED588D2C56116D001E3A9A /* RecipesAppUITests */,
			);
		};
/* End PBXProject section */

/* Begin PBXResourcesBuildPhase section */
		92ED586C2C56116A001E3A9A /* Resources */ = {
			isa = PBXResourcesBuildPhase;
			buildActionMask = 2147483647;
			files = (
				927432E92C566B7B002330BB /* IngredientsListTableViewCell.xib in Resources */,
				92ED587E2C56116D001E3A9A /* LaunchScreen.storyboard in Resources */,
				92ED58AA2C561908001E3A9A /* PopularRecipeTableViewCell.xib in Resources */,
				92ED587B2C56116D001E3A9A /* Assets.xcassets in Resources */,
				92ED58AE2C561D30001E3A9A /* IngredientsCollectionViewCell.xib in Resources */,
				92ED58792C56116B001E3A9A /* Main.storyboard in Resources */,
			);
			runOnlyForDeploymentPostprocessing = 0;
		};
		92ED58822C56116D001E3A9A /* Resources */ = {
			isa = PBXResourcesBuildPhase;
			buildActionMask = 2147483647;
			files = (
			);
			runOnlyForDeploymentPostprocessing = 0;
		};
		92ED588C2C56116D001E3A9A /* Resources */ = {
			isa = PBXResourcesBuildPhase;
			buildActionMask = 2147483647;
			files = (
			);
			runOnlyForDeploymentPostprocessing = 0;
		};
/* End PBXResourcesBuildPhase section */

/* Begin PBXSourcesBuildPhase section */
		92ED586A2C56116A001E3A9A /* Sources */ = {
			isa = PBXSourcesBuildPhase;
			buildActionMask = 2147483647;
			files = (
				927432EC2C566EA6002330BB /* RecipeDetailsVC.swift in Sources */,
				92ED58A22C56123D001E3A9A /* PopularRecipesVC.swift in Sources */,
				92ED58762C56116A001E3A9A /* ViewController.swift in Sources */,
				927432DE2C565313002330BB /* UIViewExtension.swift in Sources */,
				92ED58B12C562863001E3A9A /* Recipe.swift in Sources */,
				927432E82C566B7B002330BB /* IngredientsListTableViewCell.swift in Sources */,
				92ED58B72C5629E6001E3A9A /* APIManager.swift in Sources */,
				92ED58B42C56297F001E3A9A /* UIImage+Extension.swift in Sources */,
				92ED58722C56116A001E3A9A /* AppDelegate.swift in Sources */,
				92ED58AD2C561D30001E3A9A /* IngredientsCollectionViewCell.swift in Sources */,
				92ED58A92C561908001E3A9A /* PopularRecipeTableViewCell.swift in Sources */,
				92ED58BA2C563395001E3A9A /* APIConstant.swift in Sources */,
				927432EE2C5671D6002330BB /* UIViewControllerExtension.swift in Sources */,
				92ED58742C56116A001E3A9A /* SceneDelegate.swift in Sources */,
			);
			runOnlyForDeploymentPostprocessing = 0;
		};
		92ED58802C56116D001E3A9A /* Sources */ = {
			isa = PBXSourcesBuildPhase;
			buildActionMask = 2147483647;
			files = (
				92ED58892C56116D001E3A9A /* RecipesAppTests.swift in Sources */,
			);
			runOnlyForDeploymentPostprocessing = 0;
		};
		92ED588A2C56116D001E3A9A /* Sources */ = {
			isa = PBXSourcesBuildPhase;
			buildActionMask = 2147483647;
			files = (
				92ED58952C56116D001E3A9A /* RecipesAppUITestsLaunchTests.swift in Sources */,
				92ED58932C56116D001E3A9A /* RecipesAppUITests.swift in Sources */,
			);
			runOnlyForDeploymentPostprocessing = 0;
		};
/* End PBXSourcesBuildPhase section */

/* Begin PBXTargetDependency section */
		92ED58862C56116D001E3A9A /* PBXTargetDependency */ = {
			isa = PBXTargetDependency;
			target = 92ED586D2C56116A001E3A9A /* RecipesApp */;
			targetProxy = 92ED58852C56116D001E3A9A /* PBXContainerItemProxy */;
		};
		92ED58902C56116D001E3A9A /* PBXTargetDependency */ = {
			isa = PBXTargetDependency;
			target = 92ED586D2C56116A001E3A9A /* RecipesApp */;
			targetProxy = 92ED588F2C56116D001E3A9A /* PBXContainerItemProxy */;
		};
/* End PBXTargetDependency section */

/* Begin PBXVariantGroup section */
		92ED58772C56116B001E3A9A /* Main.storyboard */ = {
			isa = PBXVariantGroup;
			children = (
				92ED58782C56116B001E3A9A /* Base */,
			);
			name = Main.storyboard;
			sourceTree = "<group>";
		};
		92ED587C2C56116D001E3A9A /* LaunchScreen.storyboard */ = {
			isa = PBXVariantGroup;
			children = (
				92ED587D2C56116D001E3A9A /* Base */,
			);
			name = LaunchScreen.storyboard;
			sourceTree = "<group>";
		};
/* End PBXVariantGroup section */

/* Begin XCBuildConfiguration section */
		92ED58962C56116D001E3A9A /* Debug */ = {
			isa = XCBuildConfiguration;
			buildSettings = {
				ALWAYS_SEARCH_USER_PATHS = NO;
				ASSETCATALOG_COMPILER_GENERATE_SWIFT_ASSET_SYMBOL_EXTENSIONS = YES;
				CLANG_ANALYZER_NONNULL = YES;
				CLANG_ANALYZER_NUMBER_OBJECT_CONVERSION = YES_AGGRESSIVE;
				CLANG_CXX_LANGUAGE_STANDARD = "gnu++20";
				CLANG_ENABLE_MODULES = YES;
				CLANG_ENABLE_OBJC_ARC = YES;
				CLANG_ENABLE_OBJC_WEAK = YES;
				CLANG_WARN_BLOCK_CAPTURE_AUTORELEASING = YES;
				CLANG_WARN_BOOL_CONVERSION = YES;
				CLANG_WARN_COMMA = YES;
				CLANG_WARN_CONSTANT_CONVERSION = YES;
				CLANG_WARN_DEPRECATED_OBJC_IMPLEMENTATIONS = YES;
				CLANG_WARN_DIRECT_OBJC_ISA_USAGE = YES_ERROR;
				CLANG_WARN_DOCUMENTATION_COMMENTS = YES;
				CLANG_WARN_EMPTY_BODY = YES;
				CLANG_WARN_ENUM_CONVERSION = YES;
				CLANG_WARN_INFINITE_RECURSION = YES;
				CLANG_WARN_INT_CONVERSION = YES;
				CLANG_WARN_NON_LITERAL_NULL_CONVERSION = YES;
				CLANG_WARN_OBJC_IMPLICIT_RETAIN_SELF = YES;
				CLANG_WARN_OBJC_LITERAL_CONVERSION = YES;
				CLANG_WARN_OBJC_ROOT_CLASS = YES_ERROR;
				CLANG_WARN_QUOTED_INCLUDE_IN_FRAMEWORK_HEADER = YES;
				CLANG_WARN_RANGE_LOOP_ANALYSIS = YES;
				CLANG_WARN_STRICT_PROTOTYPES = YES;
				CLANG_WARN_SUSPICIOUS_MOVE = YES;
				CLANG_WARN_UNGUARDED_AVAILABILITY = YES_AGGRESSIVE;
				CLANG_WARN_UNREACHABLE_CODE = YES;
				CLANG_WARN__DUPLICATE_METHOD_MATCH = YES;
				COPY_PHASE_STRIP = NO;
				DEBUG_INFORMATION_FORMAT = dwarf;
				ENABLE_STRICT_OBJC_MSGSEND = YES;
				ENABLE_TESTABILITY = YES;
				ENABLE_USER_SCRIPT_SANDBOXING = YES;
				GCC_C_LANGUAGE_STANDARD = gnu17;
				GCC_DYNAMIC_NO_PIC = NO;
				GCC_NO_COMMON_BLOCKS = YES;
				GCC_OPTIMIZATION_LEVEL = 0;
				GCC_PREPROCESSOR_DEFINITIONS = (
					"DEBUG=1",
					"$(inherited)",
				);
				GCC_WARN_64_TO_32_BIT_CONVERSION = YES;
				GCC_WARN_ABOUT_RETURN_TYPE = YES_ERROR;
				GCC_WARN_UNDECLARED_SELECTOR = YES;
				GCC_WARN_UNINITIALIZED_AUTOS = YES_AGGRESSIVE;
				GCC_WARN_UNUSED_FUNCTION = YES;
				GCC_WARN_UNUSED_VARIABLE = YES;
				IPHONEOS_DEPLOYMENT_TARGET = 17.2;
				LOCALIZATION_PREFERS_STRING_CATALOGS = YES;
				MTL_ENABLE_DEBUG_INFO = INCLUDE_SOURCE;
				MTL_FAST_MATH = YES;
				ONLY_ACTIVE_ARCH = YES;
				SDKROOT = iphoneos;
				SWIFT_ACTIVE_COMPILATION_CONDITIONS = "DEBUG $(inherited)";
				SWIFT_OPTIMIZATION_LEVEL = "-Onone";
			};
			name = Debug;
		};
		92ED58972C56116D001E3A9A /* Release */ = {
			isa = XCBuildConfiguration;
			buildSettings = {
				ALWAYS_SEARCH_USER_PATHS = NO;
				ASSETCATALOG_COMPILER_GENERATE_SWIFT_ASSET_SYMBOL_EXTENSIONS = YES;
				CLANG_ANALYZER_NONNULL = YES;
				CLANG_ANALYZER_NUMBER_OBJECT_CONVERSION = YES_AGGRESSIVE;
				CLANG_CXX_LANGUAGE_STANDARD = "gnu++20";
				CLANG_ENABLE_MODULES = YES;
				CLANG_ENABLE_OBJC_ARC = YES;
				CLANG_ENABLE_OBJC_WEAK = YES;
				CLANG_WARN_BLOCK_CAPTURE_AUTORELEASING = YES;
				CLANG_WARN_BOOL_CONVERSION = YES;
				CLANG_WARN_COMMA = YES;
				CLANG_WARN_CONSTANT_CONVERSION = YES;
				CLANG_WARN_DEPRECATED_OBJC_IMPLEMENTATIONS = YES;
				CLANG_WARN_DIRECT_OBJC_ISA_USAGE = YES_ERROR;
				CLANG_WARN_DOCUMENTATION_COMMENTS = YES;
				CLANG_WARN_EMPTY_BODY = YES;
				CLANG_WARN_ENUM_CONVERSION = YES;
				CLANG_WARN_INFINITE_RECURSION = YES;
				CLANG_WARN_INT_CONVERSION = YES;
				CLANG_WARN_NON_LITERAL_NULL_CONVERSION = YES;
				CLANG_WARN_OBJC_IMPLICIT_RETAIN_SELF = YES;
				CLANG_WARN_OBJC_LITERAL_CONVERSION = YES;
				CLANG_WARN_OBJC_ROOT_CLASS = YES_ERROR;
				CLANG_WARN_QUOTED_INCLUDE_IN_FRAMEWORK_HEADER = YES;
				CLANG_WARN_RANGE_LOOP_ANALYSIS = YES;
				CLANG_WARN_STRICT_PROTOTYPES = YES;
				CLANG_WARN_SUSPICIOUS_MOVE = YES;
				CLANG_WARN_UNGUARDED_AVAILABILITY = YES_AGGRESSIVE;
				CLANG_WARN_UNREACHABLE_CODE = YES;
				CLANG_WARN__DUPLICATE_METHOD_MATCH = YES;
				COPY_PHASE_STRIP = NO;
				DEBUG_INFORMATION_FORMAT = "dwarf-with-dsym";
				ENABLE_NS_ASSERTIONS = NO;
				ENABLE_STRICT_OBJC_MSGSEND = YES;
				ENABLE_USER_SCRIPT_SANDBOXING = YES;
				GCC_C_LANGUAGE_STANDARD = gnu17;
				GCC_NO_COMMON_BLOCKS = YES;
				GCC_WARN_64_TO_32_BIT_CONVERSION = YES;
				GCC_WARN_ABOUT_RETURN_TYPE = YES_ERROR;
				GCC_WARN_UNDECLARED_SELECTOR = YES;
				GCC_WARN_UNINITIALIZED_AUTOS = YES_AGGRESSIVE;
				GCC_WARN_UNUSED_FUNCTION = YES;
				GCC_WARN_UNUSED_VARIABLE = YES;
				IPHONEOS_DEPLOYMENT_TARGET = 17.2;
				LOCALIZATION_PREFERS_STRING_CATALOGS = YES;
				MTL_ENABLE_DEBUG_INFO = NO;
				MTL_FAST_MATH = YES;
				SDKROOT = iphoneos;
				SWIFT_COMPILATION_MODE = wholemodule;
				VALIDATE_PRODUCT = YES;
			};
			name = Release;
		};
		92ED58992C56116D001E3A9A /* Debug */ = {
			isa = XCBuildConfiguration;
			buildSettings = {
				ASSETCATALOG_COMPILER_APPICON_NAME = AppIcon;
				ASSETCATALOG_COMPILER_GLOBAL_ACCENT_COLOR_NAME = AccentColor;
				CODE_SIGN_STYLE = Automatic;
				CURRENT_PROJECT_VERSION = 1;
				GENERATE_INFOPLIST_FILE = YES;
				INFOPLIST_FILE = RecipesApp/Info.plist;
				INFOPLIST_KEY_UIApplicationSupportsIndirectInputEvents = YES;
				INFOPLIST_KEY_UILaunchStoryboardName = LaunchScreen;
				INFOPLIST_KEY_UIMainStoryboardFile = Main;
				INFOPLIST_KEY_UISupportedInterfaceOrientations_iPad = "UIInterfaceOrientationPortrait UIInterfaceOrientationPortraitUpsideDown UIInterfaceOrientationLandscapeLeft UIInterfaceOrientationLandscapeRight";
				INFOPLIST_KEY_UISupportedInterfaceOrientations_iPhone = "UIInterfaceOrientationPortrait UIInterfaceOrientationLandscapeLeft UIInterfaceOrientationLandscapeRight";
				LD_RUNPATH_SEARCH_PATHS = (
					"$(inherited)",
					"@executable_path/Frameworks",
				);
				MARKETING_VERSION = 1.0;
				PRODUCT_BUNDLE_IDENTIFIER = com.example.recipes.RecipesApp;
				PRODUCT_NAME = "$(TARGET_NAME)";
				SWIFT_EMIT_LOC_STRINGS = YES;
				SWIFT_VERSION = 5.0;
				TARGETED_DEVICE_FAMILY = "1,2";
			};
			name = Debug;
		};
		92ED589A2C56116D001E3A9A /* Release */ = {
			isa = XCBuildConfiguration;
			buildSettings = {
				ASSETCATALOG_COMPILER_APPICON_NAME = AppIcon;
				ASSETCATALOG_COMPILER_GLOBAL_ACCENT_COLOR_NAME = AccentColor;
				CODE_SIGN_STYLE = Automatic;
				CURRENT_PROJECT_VERSION = 1;
				GENERATE_INFOPLIST_FILE = YES;
				INFOPLIST_FILE = RecipesApp/Info.plist;
				INFOPLIST_KEY_UIApplicationSupportsIndirectInputEvents = YES;
				INFOPLIST_KEY_UILaunchStoryboardName = LaunchScreen;
				INFOPLIST_KEY_UIMainStoryboardFile = Main;
				INFOPLIST_KEY_UISupportedInterfaceOrientations_iPad = "UIInterfaceOrientationPortrait UIInterfaceOrientationPortraitUpsideDown UIInterfaceOrientationLandscapeLeft UIInterfaceOrientationLandscapeRight";
				INFOPLIST_KEY_UISupportedInterfaceOrientations_iPhone = "UIInterfaceOrientationPortrait UIInterfaceOrientationLandscapeLeft UIInterfaceOrientationLandscapeRight";
				LD_RUNPATH_SEARCH_PATHS = (
					"$(inherited)",
					"@executable_path/Frameworks",
				);
				MARKETING_VERSION = 1.0;
				PRODUCT_BUNDLE_IDENTIFIER = com.example.recipes.RecipesApp;
				PRODUCT_NAME = "$(TARGET_NAME)";
				SWIFT_EMIT_LOC_STRINGS = YES;
				SWIFT_VERSION = 5.0;
				TARGETED_DEVICE_FAMILY = "1,2";
			};
			name = Release;
		};
		92ED589C2C56116D001E3A9A /* Debug */ = {
			isa = XCBuildConfiguration;
			buildSettings = {
				ALWAYS_EMBED_SWIFT_STANDARD_LIBRARIES = YES;
				BUNDLE_LOADER = "$(TEST_HOST)";
				CODE_SIGN_STYLE = Automatic;
				CURRENT_PROJECT_VERSION = 1;
				GENERATE_INFOPLIST_FILE = YES;
				IPHONEOS_DEPLOYMENT_TARGET = 17.2;
				MARKETING_VERSION = 1.0;
				PRODUCT_BUNDLE_IDENTIFIER = com.example.recipes.RecipesAppTests;
				PRODUCT_NAME = "$(TARGET_NAME)";
				SWIFT_EMIT_LOC_STRINGS = NO;
				SWIFT_VERSION = 5.0;
				TARGETED_DEVICE_FAMILY = "1,2";
				TEST_HOST = "$(BUILT_PRODUCTS_DIR)/RecipesApp.app/$(BUNDLE_EXECUTABLE_FOLDER_PATH)/RecipesApp";
			};
			name = Debug;
		};
		92ED589D2C56116D001E3A9A /* Release */ = {
			isa = XCBuildConfiguration;
			buildSettings = {
				ALWAYS_EMBED_SWIFT_STANDARD_LIBRARIES = YES;
				BUNDLE_LOADER = "$(TEST_HOST)";
				CODE_SIGN_STYLE = Automatic;
				CURRENT_PROJECT_VERSION = 1;
				GENERATE_INFOPLIST_FILE = YES;
				IPHONEOS_DEPLOYMENT_TARGET = 17.2;
				MARKETING_VERSION = 1.0;
				PRODUCT_BUNDLE_IDENTIFIER = com.example.recipes.RecipesAppTests;
				PRODUCT_NAME = "$(TARGET_NAME)";
				SWIFT_EMIT_LOC_STRINGS = NO;
				SWIFT_VERSION = 5.0;
				TARGETED_DEVICE_FAMILY = "1,2";
				TEST_HOST = "$(BUILT_PRODUCTS_DIR)/RecipesApp.app/$(BUNDLE_EXECUTABLE_FOLDER_PATH)/RecipesApp";
			};
			name = Release;
		};
		92ED589F2C56116D001E3A9A /* Debug */ = {
			isa = XCBuildConfiguration;
			buildSettings = {
				ALWAYS_EMBED_SWIFT_STANDARD_LIBRARIES = YES;
				CODE_SIGN_STYLE = Automatic;
				CURRENT_PROJECT_VERSION = 1;
				GENERATE_INFOPLIST_FILE = YES;
				MARKETING_VERSION = 1.0;
				PRODUCT_BUNDLE_IDENTIFIER = com.example.recipes.RecipesAppUITests;
				PRODUCT_NAME = "$(TARGET_NAME)";
				SWIFT_EMIT_LOC_STRINGS = NO;
				SWIFT_VERSION = 5.0;
				TARGETED_DEVICE_FAMILY = "1,2";
				TEST_TARGET_NAME = RecipesApp;
			};
			name = Debug;
		};
		92ED58A02C56116D001E3A9A /* Release */ = {
			isa = XCBuildConfiguration;
			buildSettings = {
				ALWAYS_EMBED_SWIFT_STANDARD_LIBRARIES = YES;
				CODE_SIGN_STYLE = Automatic;
				CURRENT_PROJECT_VERSION = 1;
				GENERATE_INFOPLIST_FILE = YES;
				MARKETING_VERSION = 1.0;
				PRODUCT_BUNDLE_IDENTIFIER = com.example.recipes.RecipesAppUITests;
				PRODUCT_NAME = "$(TARGET_NAME)";
				SWIFT_EMIT_LOC_STRINGS = NO;
				SWIFT_VERSION = 5.0;
				TARGETED_DEVICE_FAMILY = "1,2";
				TEST_TARGET_NAME = RecipesApp;
			};
			name = Release;
		};
/* End XCBuildConfiguration section */

/* Begin XCConfigurationList section */
		92ED58692C56116A001E3A9A /* Build configuration list for PBXProject "RecipesApp" */ = {
			isa = XCConfigurationList;
			buildConfigurations = (
				92ED58962C56116D001E3A9A /* Debug */,
				92ED58972C56116D001E3A9A /* Release */,
			);
			defaultConfigurationIsVisible = 0;
			defaultConfigurationName = Release;
		};
		92ED58982C56116D001E3A9A /* Build configuration list for PBXNativeTarget "RecipesApp" */ = {
			isa = XCConfigurationList;
			buildConfigurations = (
				92ED58992C56116D001E3A9A /* Debug */,
				92ED589A2C56116D001E3A9A /* Release */,
			);
			defaultConfigurationIsVisible = 0;
			defaultConfigurationName = Release;
		};
		92ED589B2C56116D001E3A9A /* Build configuration list for PBXNativeTarget "RecipesAppTests" */ = {
			isa = XCConfigurationList;
			buildConfigurations = (
				92ED589C2C56116D001E3A9A /* Debug */,
				92ED589D2C56116D001E3A9A /* Release */,
			);
			defaultConfigurationIsVisible = 0;
			defaultConfigurationName = Release;
		};
		92ED589E2C56116D001E3A9A /* Build configuration list for PBXNativeTarget "RecipesAppUITests" */ = {
			isa = XCConfigurationList;
			buildConfigurations = (
				92ED589F2C56116D001E3A9A /* Debug */,
				92ED58A02C56116D001E3A9A /* Release */,
			);
			defaultConfigurationIsVisible = 0;
			defaultConfigurationName = Release;
		};
/* End XCConfigurationList section */

/* Begin XCRemoteSwiftPackageReference section */
		92C362042C56A3F4000159B1 /* XCRemoteSwiftPackageReference "SDWebImage" */ = {
			isa = XCRemoteSwiftPackageReference;
			repositoryURL = "https://github.com/SDWebImage/SDWebImage.git";
			requirement = {
				kind = upToNextMajorVersion;
				minimumVersion = 5.19.5;
			};
		};
/* End XCRemoteSwiftPackageReference section */

/* Begin XCSwiftPackageProductDependency section */
		92C362052C56A3F4000159B1 /* SDWebImage */ = {
			isa = XCSwiftPackageProductDependency;
			package = 92C362042C56A3F4000159B1 /* XCRemoteSwiftPackageReference "SDWebImage" */;
			productName = SDWebImage;
		};
		92C362072C56A3F4000159B1 /* SDWebImageMapKit */ = {
			isa = XCSwiftPackageProductDependency;
			package = 92C362042C56A3F4000159B1 /* XCRemoteSwiftPackageReference "SDWebImage" */;
			productName = SDWebImageMapKit;
		};
/* End XCSwiftPackageProductDependency section */
	};
	rootObject = 92ED58662C56116A001E3A9A /* Project object */;
}
